
Microsoft Visual Studio Solution File, Format Version 12.00
# Visual Studio 15
VisualStudioVersion = 15.0.28010.2036
MinimumVisualStudioVersion = 10.0.40219.1
Project("{FAE04EC0-301F-11D3-BF4B-00C04F79EFBC}") = "SystemLineEquations", "SystemLineEquations\SystemLineEquations.csproj", "{3AD5104A-C42F-4685-85BF-F56964D05335}"
EndProject
Global
	GlobalSection(SolutionConfigurationPlatforms) = preSolution
		Debug|Any CPU = Debug|Any CPU
		Release|Any CPU = Release|Any CPU
	EndGlobalSection
	GlobalSection(ProjectConfigurationPlatforms) = postSolution
		{3AD5104A-C42F-4685-85BF-F56964D05335}.Debug|Any CPU.ActiveCfg = Debug|Any CPU
		{3AD5104A-C42F-4685-85BF-F56964D05335}.Debug|Any CPU.Build.0 = Debug|Any CPU
		{3AD5104A-C42F-4685-85BF-F56964D05335}.Release|Any CPU.ActiveCfg = Release|Any CPU
		{3AD5104A-C42F-4685-85BF-F56964D05335}.Release|Any CPU.Build.0 = Release|Any CPU
	EndGlobalSection
	GlobalSection(SolutionProperties) = preSolution
		HideSolutionNode = FALSE
	EndGlobalSection
	GlobalSection(ExtensibilityGlobals) = postSolution
		SolutionGuid = {E028B2CE-5A4B-4D3B-BBA7-D610F5FB410E}
	EndGlobalSection
EndGlobal
